
Microsoft Visual Studio Solution File, Format Version 12.00
Project("{9A19103F-16F7-4668-BE54-9A1E7A4F7556}") = "_build", "build\_build.csproj", "{259A30DB-EEEC-4C72-8172-2567FE83BF08}"
EndProject
Project("{FAE04EC0-301F-11D3-BF4B-00C04F79EFBC}") = "Backend.Fx.AspNet", "src\Backend.Fx.AspNet\Backend.Fx.AspNet.csproj", "{7EEA4AFA-A017-4786-BA04-B5C312DEA091}"
EndProject
Project("{FAE04EC0-301F-11D3-BF4B-00C04F79EFBC}") = "Backend.Fx.AspNet.Feature", "src\Backend.Fx.AspNet.Feature\Backend.Fx.AspNet.Feature.csproj", "{DE48CD9A-5B75-48F4-91B0-CA1965012DD3}"
EndProject
Global
	GlobalSection(SolutionConfigurationPlatforms) = preSolution
		Debug|Any CPU = Debug|Any CPU
		Release|Any CPU = Release|Any CPU
	EndGlobalSection
	GlobalSection(ProjectConfigurationPlatforms) = postSolution
		{259A30DB-EEEC-4C72-8172-2567FE83BF08}.Debug|Any CPU.ActiveCfg = Debug|Any CPU
		{259A30DB-EEEC-4C72-8172-2567FE83BF08}.Release|Any CPU.ActiveCfg = Release|Any CPU
		{7EEA4AFA-A017-4786-BA04-B5C312DEA091}.Debug|Any CPU.ActiveCfg = Debug|Any CPU
		{7EEA4AFA-A017-4786-BA04-B5C312DEA091}.Debug|Any CPU.Build.0 = Debug|Any CPU
		{7EEA4AFA-A017-4786-BA04-B5C312DEA091}.Release|Any CPU.ActiveCfg = Release|Any CPU
		{7EEA4AFA-A017-4786-BA04-B5C312DEA091}.Release|Any CPU.Build.0 = Release|Any CPU
		{DE48CD9A-5B75-48F4-91B0-CA1965012DD3}.Debug|Any CPU.ActiveCfg = Debug|Any CPU
		{DE48CD9A-5B75-48F4-91B0-CA1965012DD3}.Debug|Any CPU.Build.0 = Debug|Any CPU
		{DE48CD9A-5B75-48F4-91B0-CA1965012DD3}.Release|Any CPU.ActiveCfg = Release|Any CPU
		{DE48CD9A-5B75-48F4-91B0-CA1965012DD3}.Release|Any CPU.Build.0 = Release|Any CPU
	EndGlobalSection
EndGlobal
